
Microsoft Visual Studio Solution File, Format Version 12.00
# Visual Studio Version 17
VisualStudioVersion = 17.4.33205.214
MinimumVisualStudioVersion = 10.0.40219.1
Project("{9A19103F-16F7-4668-BE54-9A1E7A4F7556}") = "WMS.UI", "WMS.UI\WMS.UI.csproj", "{23281A27-717E-4750-B57F-19D43D73665D}"
EndProject
Project("{9A19103F-16F7-4668-BE54-9A1E7A4F7556}") = "WMS.Core", "WMS.Core\WMS.Core.csproj", "{6A02FD54-8779-4FC8-9256-AE00CC9CD596}"
EndProject
Global
	GlobalSection(SolutionConfigurationPlatforms) = preSolution
		Debug|Any CPU = Debug|Any CPU
		Release|Any CPU = Release|Any CPU
	EndGlobalSection
	GlobalSection(ProjectConfigurationPlatforms) = postSolution
		{23281A27-717E-4750-B57F-19D43D73665D}.Debug|Any CPU.ActiveCfg = Debug|Any CPU
		{23281A27-717E-4750-B57F-19D43D73665D}.Debug|Any CPU.Build.0 = Debug|Any CPU
		{23281A27-717E-4750-B57F-19D43D73665D}.Release|Any CPU.ActiveCfg = Release|Any CPU
		{23281A27-717E-4750-B57F-19D43D73665D}.Release|Any CPU.Build.0 = Release|Any CPU
		{6A02FD54-8779-4FC8-9256-AE00CC9CD596}.Debug|Any CPU.ActiveCfg = Debug|Any CPU
		{6A02FD54-8779-4FC8-9256-AE00CC9CD596}.Debug|Any CPU.Build.0 = Debug|Any CPU
		{6A02FD54-8779-4FC8-9256-AE00CC9CD596}.Release|Any CPU.ActiveCfg = Release|Any CPU
		{6A02FD54-8779-4FC8-9256-AE00CC9CD596}.Release|Any CPU.Build.0 = Release|Any CPU
	EndGlobalSection
	GlobalSection(SolutionProperties) = preSolution
		HideSolutionNode = FALSE
	EndGlobalSection
	GlobalSection(ExtensibilityGlobals) = postSolution
		SolutionGuid = {AF0B5A3B-14E2-4471-8929-C4ED6F315867}
	EndGlobalSection
EndGlobal
