
Microsoft Visual Studio Solution File, Format Version 12.00
# Visual Studio Version 17
VisualStudioVersion = 17.4.33110.190
MinimumVisualStudioVersion = 10.0.40219.1
Project("{9A19103F-16F7-4668-BE54-9A1E7A4F7556}") = "WMS.UI", "WMS.UI.csproj", "{296D6E9E-8724-4FA7-812C-CC6C33E6E23F}"
EndProject
Project("{2150E333-8FDC-42A3-9474-1A3956D46DE8}") = "UI", "UI", "{FF5B34E8-56C2-48B4-899A-AB40BF4317FE}"
EndProject
Project("{2150E333-8FDC-42A3-9474-1A3956D46DE8}") = "Data", "Data", "{9D988A4C-9720-43D7-AEA0-923EEEDC18B8}"
EndProject
Project("{FAE04EC0-301F-11D3-BF4B-00C04F79EFBC}") = "WMS.Data", "..\WMS.Data\WMS.Data.csproj", "{EA893693-56F3-4D27-8B0E-98D277ECB805}"
EndProject
Project("{2150E333-8FDC-42A3-9474-1A3956D46DE8}") = "Seed", "Seed", "{5E0C5D41-F742-4B81-938C-D4CDF87CF144}"
EndProject
Project("{FAE04EC0-301F-11D3-BF4B-00C04F79EFBC}") = "WMS.Seed", "..\WMS.Seed\WMS.Seed.csproj", "{4AAE602F-0DDB-4051-B6D1-092592B42AE0}"
EndProject
Project("{2150E333-8FDC-42A3-9474-1A3956D46DE8}") = "API", "API", "{01A52414-0972-462B-82F8-59FC41E0E9E9}"
EndProject
Project("{FAE04EC0-301F-11D3-BF4B-00C04F79EFBC}") = "WMS.API", "..\WMS.API\WMS.API.csproj", "{F17F76B8-6721-4478-9A64-2A51A9B54538}"
EndProject
Global
	GlobalSection(SolutionConfigurationPlatforms) = preSolution
		Debug|Any CPU = Debug|Any CPU
		Release|Any CPU = Release|Any CPU
	EndGlobalSection
	GlobalSection(ProjectConfigurationPlatforms) = postSolution
		{296D6E9E-8724-4FA7-812C-CC6C33E6E23F}.Debug|Any CPU.ActiveCfg = Debug|Any CPU
		{296D6E9E-8724-4FA7-812C-CC6C33E6E23F}.Debug|Any CPU.Build.0 = Debug|Any CPU
		{296D6E9E-8724-4FA7-812C-CC6C33E6E23F}.Release|Any CPU.ActiveCfg = Release|Any CPU
		{296D6E9E-8724-4FA7-812C-CC6C33E6E23F}.Release|Any CPU.Build.0 = Release|Any CPU
		{EA893693-56F3-4D27-8B0E-98D277ECB805}.Debug|Any CPU.ActiveCfg = Debug|Any CPU
		{EA893693-56F3-4D27-8B0E-98D277ECB805}.Debug|Any CPU.Build.0 = Debug|Any CPU
		{EA893693-56F3-4D27-8B0E-98D277ECB805}.Release|Any CPU.ActiveCfg = Release|Any CPU
		{EA893693-56F3-4D27-8B0E-98D277ECB805}.Release|Any CPU.Build.0 = Release|Any CPU
		{4AAE602F-0DDB-4051-B6D1-092592B42AE0}.Debug|Any CPU.ActiveCfg = Debug|Any CPU
		{4AAE602F-0DDB-4051-B6D1-092592B42AE0}.Debug|Any CPU.Build.0 = Debug|Any CPU
		{4AAE602F-0DDB-4051-B6D1-092592B42AE0}.Release|Any CPU.ActiveCfg = Release|Any CPU
		{4AAE602F-0DDB-4051-B6D1-092592B42AE0}.Release|Any CPU.Build.0 = Release|Any CPU
		{F17F76B8-6721-4478-9A64-2A51A9B54538}.Debug|Any CPU.ActiveCfg = Debug|Any CPU
		{F17F76B8-6721-4478-9A64-2A51A9B54538}.Debug|Any CPU.Build.0 = Debug|Any CPU
		{F17F76B8-6721-4478-9A64-2A51A9B54538}.Release|Any CPU.ActiveCfg = Release|Any CPU
		{F17F76B8-6721-4478-9A64-2A51A9B54538}.Release|Any CPU.Build.0 = Release|Any CPU
	EndGlobalSection
	GlobalSection(SolutionProperties) = preSolution
		HideSolutionNode = FALSE
	EndGlobalSection
	GlobalSection(NestedProjects) = preSolution
		{296D6E9E-8724-4FA7-812C-CC6C33E6E23F} = {FF5B34E8-56C2-48B4-899A-AB40BF4317FE}
		{EA893693-56F3-4D27-8B0E-98D277ECB805} = {9D988A4C-9720-43D7-AEA0-923EEEDC18B8}
		{4AAE602F-0DDB-4051-B6D1-092592B42AE0} = {5E0C5D41-F742-4B81-938C-D4CDF87CF144}
		{F17F76B8-6721-4478-9A64-2A51A9B54538} = {01A52414-0972-462B-82F8-59FC41E0E9E9}
	EndGlobalSection
	GlobalSection(ExtensibilityGlobals) = postSolution
		SolutionGuid = {F2D2B32C-FD1F-4B96-8FD2-017DEE8FDF1A}
	EndGlobalSection
EndGlobal
